
Microsoft Visual Studio Solution File, Format Version 12.00
# Visual Studio 14
VisualStudioVersion = 14.0.25420.1
MinimumVisualStudioVersion = 10.0.40219.1
Project("{FAE04EC0-301F-11D3-BF4B-00C04F79EFBC}") = "DEV3-5_Assignment1", "DEV3-5_Assignment1\DEV3-5_Assignment1.csproj", "{08B93F38-B2B7-4A11-A9E2-8ADE3C4DB0BD}"
EndProject
Global
	GlobalSection(SolutionConfigurationPlatforms) = preSolution
		Debug|Any CPU = Debug|Any CPU
		Release|Any CPU = Release|Any CPU
	EndGlobalSection
	GlobalSection(ProjectConfigurationPlatforms) = postSolution
		{08B93F38-B2B7-4A11-A9E2-8ADE3C4DB0BD}.Debug|Any CPU.ActiveCfg = Debug|Any CPU
		{08B93F38-B2B7-4A11-A9E2-8ADE3C4DB0BD}.Debug|Any CPU.Build.0 = Debug|Any CPU
		{08B93F38-B2B7-4A11-A9E2-8ADE3C4DB0BD}.Release|Any CPU.ActiveCfg = Release|Any CPU
		{08B93F38-B2B7-4A11-A9E2-8ADE3C4DB0BD}.Release|Any CPU.Build.0 = Release|Any CPU
	EndGlobalSection
	GlobalSection(SolutionProperties) = preSolution
		HideSolutionNode = FALSE
	EndGlobalSection
EndGlobal
